
Microsoft Visual Studio Solution File, Format Version 12.00
# Visual Studio 14
VisualStudioVersion = 14.0.25123.0
MinimumVisualStudioVersion = 10.0.40219.1
Project("{FAE04EC0-301F-11D3-BF4B-00C04F79EFBC}") = "IvyCore", "IvyCore\IvyCore.csproj", "{EAC59114-1935-4853-8E6C-13B3FDDC89E5}"
EndProject
Project("{FAE04EC0-301F-11D3-BF4B-00C04F79EFBC}") = "IvyGh", "IvyGh\IvyGh.csproj", "{D9D3B74C-4D08-497E-91F7-E42C5EE42A52}"
EndProject
Project("{FAE04EC0-301F-11D3-BF4B-00C04F79EFBC}") = "ShadingDevice", "ShadingDevice\ShadingDevice.csproj", "{DA457C27-66D9-40D4-9D16-C9F75428145D}"
EndProject
Global
	GlobalSection(SolutionConfigurationPlatforms) = preSolution
		Debug|Any CPU = Debug|Any CPU
		Debug32|Any CPU = Debug32|Any CPU
		Debug64|Any CPU = Debug64|Any CPU
		Release|Any CPU = Release|Any CPU
	EndGlobalSection
	GlobalSection(ProjectConfigurationPlatforms) = postSolution
		{EAC59114-1935-4853-8E6C-13B3FDDC89E5}.Debug|Any CPU.ActiveCfg = Debug|Any CPU
		{EAC59114-1935-4853-8E6C-13B3FDDC89E5}.Debug|Any CPU.Build.0 = Debug|Any CPU
		{EAC59114-1935-4853-8E6C-13B3FDDC89E5}.Debug32|Any CPU.ActiveCfg = Debug|Any CPU
		{EAC59114-1935-4853-8E6C-13B3FDDC89E5}.Debug32|Any CPU.Build.0 = Debug|Any CPU
		{EAC59114-1935-4853-8E6C-13B3FDDC89E5}.Debug64|Any CPU.ActiveCfg = Debug|Any CPU
		{EAC59114-1935-4853-8E6C-13B3FDDC89E5}.Debug64|Any CPU.Build.0 = Debug|Any CPU
		{EAC59114-1935-4853-8E6C-13B3FDDC89E5}.Release|Any CPU.ActiveCfg = Release|Any CPU
		{EAC59114-1935-4853-8E6C-13B3FDDC89E5}.Release|Any CPU.Build.0 = Release|Any CPU
		{D9D3B74C-4D08-497E-91F7-E42C5EE42A52}.Debug|Any CPU.ActiveCfg = Debug64|Any CPU
		{D9D3B74C-4D08-497E-91F7-E42C5EE42A52}.Debug|Any CPU.Build.0 = Debug64|Any CPU
		{D9D3B74C-4D08-497E-91F7-E42C5EE42A52}.Debug32|Any CPU.ActiveCfg = Debug32|Any CPU
		{D9D3B74C-4D08-497E-91F7-E42C5EE42A52}.Debug32|Any CPU.Build.0 = Debug32|Any CPU
		{D9D3B74C-4D08-497E-91F7-E42C5EE42A52}.Debug64|Any CPU.ActiveCfg = Debug64|Any CPU
		{D9D3B74C-4D08-497E-91F7-E42C5EE42A52}.Debug64|Any CPU.Build.0 = Debug64|Any CPU
		{D9D3B74C-4D08-497E-91F7-E42C5EE42A52}.Release|Any CPU.ActiveCfg = Release|Any CPU
		{D9D3B74C-4D08-497E-91F7-E42C5EE42A52}.Release|Any CPU.Build.0 = Release|Any CPU
		{DA457C27-66D9-40D4-9D16-C9F75428145D}.Debug|Any CPU.ActiveCfg = Debug64|Any CPU
		{DA457C27-66D9-40D4-9D16-C9F75428145D}.Debug|Any CPU.Build.0 = Debug64|Any CPU
		{DA457C27-66D9-40D4-9D16-C9F75428145D}.Debug32|Any CPU.ActiveCfg = Debug32|Any CPU
		{DA457C27-66D9-40D4-9D16-C9F75428145D}.Debug32|Any CPU.Build.0 = Debug32|Any CPU
		{DA457C27-66D9-40D4-9D16-C9F75428145D}.Debug64|Any CPU.ActiveCfg = Debug64|Any CPU
		{DA457C27-66D9-40D4-9D16-C9F75428145D}.Debug64|Any CPU.Build.0 = Debug64|Any CPU
		{DA457C27-66D9-40D4-9D16-C9F75428145D}.Release|Any CPU.ActiveCfg = Release|Any CPU
		{DA457C27-66D9-40D4-9D16-C9F75428145D}.Release|Any CPU.Build.0 = Release|Any CPU
	EndGlobalSection
	GlobalSection(SolutionProperties) = preSolution
		HideSolutionNode = FALSE
	EndGlobalSection
EndGlobal
